
Microsoft Visual Studio Solution File, Format Version 12.00
# Visual Studio Version 17
VisualStudioVersion = 17.3.32929.385
MinimumVisualStudioVersion = 10.0.40219.1
Project("{FAE04EC0-301F-11D3-BF4B-00C04F79EFBC}") = "KeePassRDP", "KeePassRDP\KeePassRDP.csproj", "{CD6E2D26-2B40-4433-879D-2B07D159356C}"
	ProjectSection(ProjectDependencies) = postProject
		{64E5239E-4E0E-4C9A-BA76-FC1775B22CC1} = {64E5239E-4E0E-4C9A-BA76-FC1775B22CC1}
	EndProjectSection
EndProject
Project("{FAE04EC0-301F-11D3-BF4B-00C04F79EFBC}") = "KeePassRDPResources", "KeePassRDPResources\KeePassRDPResources.csproj", "{8286969C-231B-4E96-98AC-E95E13B09DF0}"
	ProjectSection(ProjectDependencies) = postProject
		{F4890E0E-3F01-4B34-87FB-A260A324B7C3} = {F4890E0E-3F01-4B34-87FB-A260A324B7C3}
	EndProjectSection
EndProject
Project("{FAE04EC0-301F-11D3-BF4B-00C04F79EFBC}") = "KeePassRDPResourcesWriter", "KeePassRDPResourcesWriter\KeePassRDPResourcesWriter.csproj", "{F4890E0E-3F01-4B34-87FB-A260A324B7C3}"
EndProject
Project("{8BC9CEB8-8B4A-11D0-8D11-00A0C91BC942}") = "KeePassRDPUnmanaged", "KeePassRDPUnmanaged\KeePassRDPUnmanaged.vcxproj", "{64E5239E-4E0E-4C9A-BA76-FC1775B22CC1}"
EndProject
Project("{9A19103F-16F7-4668-BE54-9A1E7A4F7556}") = "KeePassRDPSetup", "KeePassRDPSetup\KeePassRDPSetup.csproj", "{AF1F7F12-A267-4D94-9AD3-C16C6D2D5F99}"
EndProject
Global
	GlobalSection(SolutionConfigurationPlatforms) = preSolution
		Debug|Any CPU = Debug|Any CPU
		Debug|x64 = Debug|x64
		Debug|x86 = Debug|x86
		DebugPLGX|Any CPU = DebugPLGX|Any CPU
		DebugPLGX|x64 = DebugPLGX|x64
		DebugPLGX|x86 = DebugPLGX|x86
		Release|Any CPU = Release|Any CPU
		Release|x64 = Release|x64
		Release|x86 = Release|x86
	EndGlobalSection
	GlobalSection(ProjectConfigurationPlatforms) = postSolution
		{CD6E2D26-2B40-4433-879D-2B07D159356C}.Debug|Any CPU.ActiveCfg = Debug|Any CPU
		{CD6E2D26-2B40-4433-879D-2B07D159356C}.Debug|Any CPU.Build.0 = Debug|Any CPU
		{CD6E2D26-2B40-4433-879D-2B07D159356C}.Debug|x64.ActiveCfg = Debug|Any CPU
		{CD6E2D26-2B40-4433-879D-2B07D159356C}.Debug|x64.Build.0 = Debug|Any CPU
		{CD6E2D26-2B40-4433-879D-2B07D159356C}.Debug|x86.ActiveCfg = Debug|Any CPU
		{CD6E2D26-2B40-4433-879D-2B07D159356C}.Debug|x86.Build.0 = Debug|Any CPU
		{CD6E2D26-2B40-4433-879D-2B07D159356C}.DebugPLGX|Any CPU.ActiveCfg = DebugPLGX|Any CPU
		{CD6E2D26-2B40-4433-879D-2B07D159356C}.DebugPLGX|Any CPU.Build.0 = DebugPLGX|Any CPU
		{CD6E2D26-2B40-4433-879D-2B07D159356C}.DebugPLGX|x64.ActiveCfg = DebugPLGX|Any CPU
		{CD6E2D26-2B40-4433-879D-2B07D159356C}.DebugPLGX|x64.Build.0 = DebugPLGX|Any CPU
		{CD6E2D26-2B40-4433-879D-2B07D159356C}.DebugPLGX|x86.ActiveCfg = DebugPLGX|Any CPU
		{CD6E2D26-2B40-4433-879D-2B07D159356C}.DebugPLGX|x86.Build.0 = DebugPLGX|Any CPU
		{CD6E2D26-2B40-4433-879D-2B07D159356C}.Release|Any CPU.ActiveCfg = Release|Any CPU
		{CD6E2D26-2B40-4433-879D-2B07D159356C}.Release|Any CPU.Build.0 = Release|Any CPU
		{CD6E2D26-2B40-4433-879D-2B07D159356C}.Release|x64.ActiveCfg = Release|Any CPU
		{CD6E2D26-2B40-4433-879D-2B07D159356C}.Release|x64.Build.0 = Release|Any CPU
		{CD6E2D26-2B40-4433-879D-2B07D159356C}.Release|x86.ActiveCfg = Release|Any CPU
		{CD6E2D26-2B40-4433-879D-2B07D159356C}.Release|x86.Build.0 = Release|Any CPU
		{8286969C-231B-4E96-98AC-E95E13B09DF0}.Debug|Any CPU.ActiveCfg = Debug|Any CPU
		{8286969C-231B-4E96-98AC-E95E13B09DF0}.Debug|Any CPU.Build.0 = Debug|Any CPU
		{8286969C-231B-4E96-98AC-E95E13B09DF0}.Debug|x64.ActiveCfg = Debug|Any CPU
		{8286969C-231B-4E96-98AC-E95E13B09DF0}.Debug|x64.Build.0 = Debug|Any CPU
		{8286969C-231B-4E96-98AC-E95E13B09DF0}.Debug|x86.ActiveCfg = Debug|Any CPU
		{8286969C-231B-4E96-98AC-E95E13B09DF0}.Debug|x86.Build.0 = Debug|Any CPU
		{8286969C-231B-4E96-98AC-E95E13B09DF0}.DebugPLGX|Any CPU.ActiveCfg = Debug|Any CPU
		{8286969C-231B-4E96-98AC-E95E13B09DF0}.DebugPLGX|Any CPU.Build.0 = Debug|Any CPU
		{8286969C-231B-4E96-98AC-E95E13B09DF0}.DebugPLGX|x64.ActiveCfg = Debug|Any CPU
		{8286969C-231B-4E96-98AC-E95E13B09DF0}.DebugPLGX|x64.Build.0 = Debug|Any CPU
		{8286969C-231B-4E96-98AC-E95E13B09DF0}.DebugPLGX|x86.ActiveCfg = Debug|Any CPU
		{8286969C-231B-4E96-98AC-E95E13B09DF0}.DebugPLGX|x86.Build.0 = Debug|Any CPU
		{8286969C-231B-4E96-98AC-E95E13B09DF0}.Release|Any CPU.ActiveCfg = Release|Any CPU
		{8286969C-231B-4E96-98AC-E95E13B09DF0}.Release|Any CPU.Build.0 = Release|Any CPU
		{8286969C-231B-4E96-98AC-E95E13B09DF0}.Release|x64.ActiveCfg = Release|Any CPU
		{8286969C-231B-4E96-98AC-E95E13B09DF0}.Release|x64.Build.0 = Release|Any CPU
		{8286969C-231B-4E96-98AC-E95E13B09DF0}.Release|x86.ActiveCfg = Release|Any CPU
		{8286969C-231B-4E96-98AC-E95E13B09DF0}.Release|x86.Build.0 = Release|Any CPU
		{F4890E0E-3F01-4B34-87FB-A260A324B7C3}.Debug|Any CPU.ActiveCfg = Debug|Any CPU
		{F4890E0E-3F01-4B34-87FB-A260A324B7C3}.Debug|Any CPU.Build.0 = Debug|Any CPU
		{F4890E0E-3F01-4B34-87FB-A260A324B7C3}.Debug|x64.ActiveCfg = Debug|Any CPU
		{F4890E0E-3F01-4B34-87FB-A260A324B7C3}.Debug|x64.Build.0 = Debug|Any CPU
		{F4890E0E-3F01-4B34-87FB-A260A324B7C3}.Debug|x86.ActiveCfg = Debug|Any CPU
		{F4890E0E-3F01-4B34-87FB-A260A324B7C3}.Debug|x86.Build.0 = Debug|Any CPU
		{F4890E0E-3F01-4B34-87FB-A260A324B7C3}.DebugPLGX|Any CPU.ActiveCfg = Debug|Any CPU
		{F4890E0E-3F01-4B34-87FB-A260A324B7C3}.DebugPLGX|Any CPU.Build.0 = Debug|Any CPU
		{F4890E0E-3F01-4B34-87FB-A260A324B7C3}.DebugPLGX|x64.ActiveCfg = Debug|Any CPU
		{F4890E0E-3F01-4B34-87FB-A260A324B7C3}.DebugPLGX|x64.Build.0 = Debug|Any CPU
		{F4890E0E-3F01-4B34-87FB-A260A324B7C3}.DebugPLGX|x86.ActiveCfg = Debug|Any CPU
		{F4890E0E-3F01-4B34-87FB-A260A324B7C3}.DebugPLGX|x86.Build.0 = Debug|Any CPU
		{F4890E0E-3F01-4B34-87FB-A260A324B7C3}.Release|Any CPU.ActiveCfg = Release|Any CPU
		{F4890E0E-3F01-4B34-87FB-A260A324B7C3}.Release|Any CPU.Build.0 = Release|Any CPU
		{F4890E0E-3F01-4B34-87FB-A260A324B7C3}.Release|x64.ActiveCfg = Release|Any CPU
		{F4890E0E-3F01-4B34-87FB-A260A324B7C3}.Release|x64.Build.0 = Release|Any CPU
		{F4890E0E-3F01-4B34-87FB-A260A324B7C3}.Release|x86.ActiveCfg = Release|Any CPU
		{F4890E0E-3F01-4B34-87FB-A260A324B7C3}.Release|x86.Build.0 = Release|Any CPU
		{64E5239E-4E0E-4C9A-BA76-FC1775B22CC1}.Debug|Any CPU.ActiveCfg = Debug|x64
		{64E5239E-4E0E-4C9A-BA76-FC1775B22CC1}.Debug|Any CPU.Build.0 = Debug|x64
		{64E5239E-4E0E-4C9A-BA76-FC1775B22CC1}.Debug|x64.ActiveCfg = Debug|x64
		{64E5239E-4E0E-4C9A-BA76-FC1775B22CC1}.Debug|x64.Build.0 = Debug|x64
		{64E5239E-4E0E-4C9A-BA76-FC1775B22CC1}.Debug|x86.ActiveCfg = Debug|Win32
		{64E5239E-4E0E-4C9A-BA76-FC1775B22CC1}.Debug|x86.Build.0 = Debug|Win32
		{64E5239E-4E0E-4C9A-BA76-FC1775B22CC1}.DebugPLGX|Any CPU.ActiveCfg = Debug|x64
		{64E5239E-4E0E-4C9A-BA76-FC1775B22CC1}.DebugPLGX|Any CPU.Build.0 = Debug|x64
		{64E5239E-4E0E-4C9A-BA76-FC1775B22CC1}.DebugPLGX|x64.ActiveCfg = Debug|x64
		{64E5239E-4E0E-4C9A-BA76-FC1775B22CC1}.DebugPLGX|x64.Build.0 = Debug|x64
		{64E5239E-4E0E-4C9A-BA76-FC1775B22CC1}.DebugPLGX|x86.ActiveCfg = Debug|Win32
		{64E5239E-4E0E-4C9A-BA76-FC1775B22CC1}.DebugPLGX|x86.Build.0 = Debug|Win32
		{64E5239E-4E0E-4C9A-BA76-FC1775B22CC1}.Release|Any CPU.ActiveCfg = Release|x64
		{64E5239E-4E0E-4C9A-BA76-FC1775B22CC1}.Release|Any CPU.Build.0 = Release|x64
		{64E5239E-4E0E-4C9A-BA76-FC1775B22CC1}.Release|x64.ActiveCfg = Release|x64
		{64E5239E-4E0E-4C9A-BA76-FC1775B22CC1}.Release|x64.Build.0 = Release|x64
		{64E5239E-4E0E-4C9A-BA76-FC1775B22CC1}.Release|x86.ActiveCfg = Release|Win32
		{64E5239E-4E0E-4C9A-BA76-FC1775B22CC1}.Release|x86.Build.0 = Release|Win32
		{AF1F7F12-A267-4D94-9AD3-C16C6D2D5F99}.Debug|Any CPU.ActiveCfg = Debug|Any CPU
		{AF1F7F12-A267-4D94-9AD3-C16C6D2D5F99}.Debug|Any CPU.Build.0 = Debug|Any CPU
		{AF1F7F12-A267-4D94-9AD3-C16C6D2D5F99}.Debug|x64.ActiveCfg = Debug|Any CPU
		{AF1F7F12-A267-4D94-9AD3-C16C6D2D5F99}.Debug|x64.Build.0 = Debug|Any CPU
		{AF1F7F12-A267-4D94-9AD3-C16C6D2D5F99}.Debug|x86.ActiveCfg = Debug|Any CPU
		{AF1F7F12-A267-4D94-9AD3-C16C6D2D5F99}.Debug|x86.Build.0 = Debug|Any CPU
		{AF1F7F12-A267-4D94-9AD3-C16C6D2D5F99}.DebugPLGX|Any CPU.ActiveCfg = Debug|Any CPU
		{AF1F7F12-A267-4D94-9AD3-C16C6D2D5F99}.DebugPLGX|Any CPU.Build.0 = Debug|Any CPU
		{AF1F7F12-A267-4D94-9AD3-C16C6D2D5F99}.DebugPLGX|x64.ActiveCfg = Debug|Any CPU
		{AF1F7F12-A267-4D94-9AD3-C16C6D2D5F99}.DebugPLGX|x64.Build.0 = Debug|Any CPU
		{AF1F7F12-A267-4D94-9AD3-C16C6D2D5F99}.DebugPLGX|x86.ActiveCfg = Debug|Any CPU
		{AF1F7F12-A267-4D94-9AD3-C16C6D2D5F99}.DebugPLGX|x86.Build.0 = Debug|Any CPU
		{AF1F7F12-A267-4D94-9AD3-C16C6D2D5F99}.Release|Any CPU.ActiveCfg = Release|Any CPU
		{AF1F7F12-A267-4D94-9AD3-C16C6D2D5F99}.Release|Any CPU.Build.0 = Release|Any CPU
		{AF1F7F12-A267-4D94-9AD3-C16C6D2D5F99}.Release|x64.ActiveCfg = Release|Any CPU
		{AF1F7F12-A267-4D94-9AD3-C16C6D2D5F99}.Release|x64.Build.0 = Release|Any CPU
		{AF1F7F12-A267-4D94-9AD3-C16C6D2D5F99}.Release|x86.ActiveCfg = Release|Any CPU
		{AF1F7F12-A267-4D94-9AD3-C16C6D2D5F99}.Release|x86.Build.0 = Release|Any CPU
	EndGlobalSection
	GlobalSection(SolutionProperties) = preSolution
		HideSolutionNode = FALSE
	EndGlobalSection
	GlobalSection(ExtensibilityGlobals) = postSolution
		SolutionGuid = {4766F9A5-4040-4C80-9F70-632299622F5A}
	EndGlobalSection
EndGlobal
